// !$*UTF8*$!
{
	archiveVersion = 1;
	classes = {
	};
	objectVersion = 50;
	objects = {

/* Begin PBXBuildFile section */
		148838C0236BCF4F00F9528C /* AppDelegate.swift in Sources */ = {isa = PBXBuildFile; fileRef = 148838BF236BCF4F00F9528C /* AppDelegate.swift */; };
		148838C2236BCF4F00F9528C /* SceneDelegate.swift in Sources */ = {isa = PBXBuildFile; fileRef = 148838C1236BCF4F00F9528C /* SceneDelegate.swift */; };
		148838C4236BCF4F00F9528C /* ViewController.swift in Sources */ = {isa = PBXBuildFile; fileRef = 148838C3236BCF4F00F9528C /* ViewController.swift */; };
		148838C7236BCF4F00F9528C /* Main.storyboard in Resources */ = {isa = PBXBuildFile; fileRef = 148838C5236BCF4F00F9528C /* Main.storyboard */; };
		148838C9236BCF5200F9528C /* Assets.xcassets in Resources */ = {isa = PBXBuildFile; fileRef = 148838C8236BCF5200F9528C /* Assets.xcassets */; };
		148838CC236BCF5200F9528C /* LaunchScreen.storyboard in Resources */ = {isa = PBXBuildFile; fileRef = 148838CA236BCF5200F9528C /* LaunchScreen.storyboard */; };
		148838D7236BCF5200F9528C /* Bitcoin_Price_AppTests.swift in Sources */ = {isa = PBXBuildFile; fileRef = 148838D6236BCF5200F9528C /* Bitcoin_Price_AppTests.swift */; };
		148838E2236BCF5200F9528C /* Bitcoin_Price_AppUITests.swift in Sources */ = {isa = PBXBuildFile; fileRef = 148838E1236BCF5200F9528C /* Bitcoin_Price_AppUITests.swift */; };
/* End PBXBuildFile section */

/* Begin PBXContainerItemProxy section */
		148838D3236BCF5200F9528C /* PBXContainerItemProxy */ = {
			isa = PBXContainerItemProxy;
			containerPortal = 148838B4236BCF4F00F9528C /* Project object */;
			proxyType = 1;
			remoteGlobalIDString = 148838BB236BCF4F00F9528C;
			remoteInfo = "Bitcoin Price App";
		};
		148838DE236BCF5200F9528C /* PBXContainerItemProxy */ = {
			isa = PBXContainerItemProxy;
			containerPortal = 148838B4236BCF4F00F9528C /* Project object */;
			proxyType = 1;
			remoteGlobalIDString = 148838BB236BCF4F00F9528C;
			remoteInfo = "Bitcoin Price App";
		};
/* End PBXContainerItemProxy section */

/* Begin PBXFileReference section */
		148838BC236BCF4F00F9528C /* Bitcoin Price App.app */ = {isa = PBXFileReference; explicitFileType = wrapper.application; includeInIndex = 0; path = "Bitcoin Price App.app"; sourceTree = BUILT_PRODUCTS_DIR; };
		148838BF236BCF4F00F9528C /* AppDelegate.swift */ = {isa = PBXFileReference; lastKnownFileType = sourcecode.swift; path = AppDelegate.swift; sourceTree = "<group>"; };
		148838C1236BCF4F00F9528C /* SceneDelegate.swift */ = {isa = PBXFileReference; lastKnownFileType = sourcecode.swift; path = SceneDelegate.swift; sourceTree = "<group>"; };
		148838C3236BCF4F00F9528C /* ViewController.swift */ = {isa = PBXFileReference; lastKnownFileType = sourcecode.swift; path = ViewController.swift; sourceTree = "<group>"; };
		148838C6236BCF4F00F9528C /* Base */ = {isa = PBXFileReference; lastKnownFileType = file.storyboard; name = Base; path = Base.lproj/Main.storyboard; sourceTree = "<group>"; };
		148838C8236BCF5200F9528C /* Assets.xcassets */ = {isa = PBXFileReference; lastKnownFileType = folder.assetcatalog; path = Assets.xcassets; sourceTree = "<group>"; };
		148838CB236BCF5200F9528C /* Base */ = {isa = PBXFileReference; lastKnownFileType = file.storyboard; name = Base; path = Base.lproj/LaunchScreen.storyboard; sourceTree = "<group>"; };
		148838CD236BCF5200F9528C /* Info.plist */ = {isa = PBXFileReference; lastKnownFileType = text.plist.xml; path = Info.plist; sourceTree = "<group>"; };
		148838D2236BCF5200F9528C /* Bitcoin Price AppTests.xctest */ = {isa = PBXFileReference; explicitFileType = wrapper.cfbundle; includeInIndex = 0; path = "Bitcoin Price AppTests.xctest"; sourceTree = BUILT_PRODUCTS_DIR; };
		148838D6236BCF5200F9528C /* Bitcoin_Price_AppTests.swift */ = {isa = PBXFileReference; lastKnownFileType = sourcecode.swift; path = Bitcoin_Price_AppTests.swift; sourceTree = "<group>"; };
		148838D8236BCF5200F9528C /* Info.plist */ = {isa = PBXFileReference; lastKnownFileType = text.plist.xml; path = Info.plist; sourceTree = "<group>"; };
		148838DD236BCF5200F9528C /* Bitcoin Price AppUITests.xctest */ = {isa = PBXFileReference; explicitFileType = wrapper.cfbundle; includeInIndex = 0; path = "Bitcoin Price AppUITests.xctest"; sourceTree = BUILT_PRODUCTS_DIR; };
		148838E1236BCF5200F9528C /* Bitcoin_Price_AppUITests.swift */ = {isa = PBXFileReference; lastKnownFileType = sourcecode.swift; path = Bitcoin_Price_AppUITests.swift; sourceTree = "<group>"; };
		148838E3236BCF5200F9528C /* Info.plist */ = {isa = PBXFileReference; lastKnownFileType = text.plist.xml; path = Info.plist; sourceTree = "<group>"; };
/* End PBXFileReference section */

/* Begin PBXFrameworksBuildPhase section */
		148838B9236BCF4F00F9528C /* Frameworks */ = {
			isa = PBXFrameworksBuildPhase;
			buildActionMask = 2147483647;
			files = (
			);
			runOnlyForDeploymentPostprocessing = 0;
		};
		148838CF236BCF5200F9528C /* Frameworks */ = {
			isa = PBXFrameworksBuildPhase;
			buildActionMask = 2147483647;
			files = (
			);
			runOnlyForDeploymentPostprocessing = 0;
		};
		148838DA236BCF5200F9528C /* Frameworks */ = {
			isa = PBXFrameworksBuildPhase;
			buildActionMask = 2147483647;
			files = (
			);
			runOnlyForDeploymentPostprocessing = 0;
		};
/* End PBXFrameworksBuildPhase section */

/* Begin PBXGroup section */
		148838B3236BCF4F00F9528C = {
			isa = PBXGroup;
			children = (
				148838BE236BCF4F00F9528C /* Bitcoin Price App */,
				148838D5236BCF5200F9528C /* Bitcoin Price AppTests */,
				148838E0236BCF5200F9528C /* Bitcoin Price AppUITests */,
				148838BD236BCF4F00F9528C /* Products */,
			);
			sourceTree = "<group>";
		};
		148838BD236BCF4F00F9528C /* Products */ = {
			isa = PBXGroup;
			children = (
				148838BC236BCF4F00F9528C /* Bitcoin Price App.app */,
				148838D2236BCF5200F9528C /* Bitcoin Price AppTests.xctest */,
				148838DD236BCF5200F9528C /* Bitcoin Price AppUITests.xctest */,
			);
			name = Products;
			sourceTree = "<group>";
		};
		148838BE236BCF4F00F9528C /* Bitcoin Price App */ = {
			isa = PBXGroup;
			children = (
				148838BF236BCF4F00F9528C /* AppDelegate.swift */,
				148838C1236BCF4F00F9528C /* SceneDelegate.swift */,
				148838C3236BCF4F00F9528C /* ViewController.swift */,
				148838C5236BCF4F00F9528C /* Main.storyboard */,
				148838C8236BCF5200F9528C /* Assets.xcassets */,
				148838CA236BCF5200F9528C /* LaunchScreen.storyboard */,
				148838CD236BCF5200F9528C /* Info.plist */,
			);
			path = "Bitcoin Price App";
			sourceTree = "<group>";
		};
		148838D5236BCF5200F9528C /* Bitcoin Price AppTests */ = {
			isa = PBXGroup;
			children = (
				148838D6236BCF5200F9528C /* Bitcoin_Price_AppTests.swift */,
				148838D8236BCF5200F9528C /* Info.plist */,
			);
			path = "Bitcoin Price AppTests";
			sourceTree = "<group>";
		};
		148838E0236BCF5200F9528C /* Bitcoin Price AppUITests */ = {
			isa = PBXGroup;
			children = (
				148838E1236BCF5200F9528C /* Bitcoin_Price_AppUITests.swift */,
				148838E3236BCF5200F9528C /* Info.plist */,
			);
			path = "Bitcoin Price AppUITests";
			sourceTree = "<group>";
		};
/* End PBXGroup section */

/* Begin PBXNativeTarget section */
		148838BB236BCF4F00F9528C /* Bitcoin Price App */ = {
			isa = PBXNativeTarget;
			buildConfigurationList = 148838E6236BCF5200F9528C /* Build configuration list for PBXNativeTarget "Bitcoin Price App" */;
			buildPhases = (
				148838B8236BCF4F00F9528C /* Sources */,
				148838B9236BCF4F00F9528C /* Frameworks */,
				148838BA236BCF4F00F9528C /* Resources */,
			);
			buildRules = (
			);
			dependencies = (
			);
			name = "Bitcoin Price App";
			productName = "Bitcoin Price App";
			productReference = 148838BC236BCF4F00F9528C /* Bitcoin Price App.app */;
			productType = "com.apple.product-type.application";
		};
		148838D1236BCF5200F9528C /* Bitcoin Price AppTests */ = {
			isa = PBXNativeTarget;
			buildConfigurationList = 148838E9236BCF5200F9528C /* Build configuration list for PBXNativeTarget "Bitcoin Price AppTests" */;
			buildPhases = (
				148838CE236BCF5200F9528C /* Sources */,
				148838CF236BCF5200F9528C /* Frameworks */,
				148838D0236BCF5200F9528C /* Resources */,
			);
			buildRules = (
			);
			dependencies = (
				148838D4236BCF5200F9528C /* PBXTargetDependency */,
			);
			name = "Bitcoin Price AppTests";
			productName = "Bitcoin Price AppTests";
			productReference = 148838D2236BCF5200F9528C /* Bitcoin Price AppTests.xctest */;
			productType = "com.apple.product-type.bundle.unit-test";
		};
		148838DC236BCF5200F9528C /* Bitcoin Price AppUITests */ = {
			isa = PBXNativeTarget;
			buildConfigurationList = 148838EC236BCF5200F9528C /* Build configuration list for PBXNativeTarget "Bitcoin Price AppUITests" */;
			buildPhases = (
				148838D9236BCF5200F9528C /* Sources */,
				148838DA236BCF5200F9528C /* Frameworks */,
				148838DB236BCF5200F9528C /* Resources */,
			);
			buildRules = (
			);
			dependencies = (
				148838DF236BCF5200F9528C /* PBXTargetDependency */,
			);
			name = "Bitcoin Price AppUITests";
			productName = "Bitcoin Price AppUITests";
			productReference = 148838DD236BCF5200F9528C /* Bitcoin Price AppUITests.xctest */;
			productType = "com.apple.product-type.bundle.ui-testing";
		};
/* End PBXNativeTarget section */

/* Begin PBXProject section */
		148838B4236BCF4F00F9528C /* Project object */ = {
			isa = PBXProject;
			attributes = {
				LastSwiftUpdateCheck = 1110;
				LastUpgradeCheck = 1110;
				ORGANIZATIONNAME = "Rosh Sugathan Thaivalappil";
				TargetAttributes = {
					148838BB236BCF4F00F9528C = {
						CreatedOnToolsVersion = 11.1;
					};
					148838D1236BCF5200F9528C = {
						CreatedOnToolsVersion = 11.1;
						TestTargetID = 148838BB236BCF4F00F9528C;
					};
					148838DC236BCF5200F9528C = {
						CreatedOnToolsVersion = 11.1;
						TestTargetID = 148838BB236BCF4F00F9528C;
					};
				};
			};
			buildConfigurationList = 148838B7236BCF4F00F9528C /* Build configuration list for PBXProject "Bitcoin Price App" */;
			compatibilityVersion = "Xcode 9.3";
			developmentRegion = en;
			hasScannedForEncodings = 0;
			knownRegions = (
				en,
				Base,
			);
			mainGroup = 148838B3236BCF4F00F9528C;
			productRefGroup = 148838BD236BCF4F00F9528C /* Products */;
			projectDirPath = "";
			projectRoot = "";
			targets = (
				148838BB236BCF4F00F9528C /* Bitcoin Price App */,
				148838D1236BCF5200F9528C /* Bitcoin Price AppTests */,
				148838DC236BCF5200F9528C /* Bitcoin Price AppUITests */,
			);
		};
/* End PBXProject section */

/* Begin PBXResourcesBuildPhase section */
		148838BA236BCF4F00F9528C /* Resources */ = {
			isa = PBXResourcesBuildPhase;
			buildActionMask = 2147483647;
			files = (
				148838CC236BCF5200F9528C /* LaunchScreen.storyboard in Resources */,
				148838C9236BCF5200F9528C /* Assets.xcassets in Resources */,
				148838C7236BCF4F00F9528C /* Main.storyboard in Resources */,
			);
			runOnlyForDeploymentPostprocessing = 0;
		};
		148838D0236BCF5200F9528C /* Resources */ = {
			isa = PBXResourcesBuildPhase;
			buildActionMask = 2147483647;
			files = (
			);
			runOnlyForDeploymentPostprocessing = 0;
		};
		148838DB236BCF5200F9528C /* Resources */ = {
			isa = PBXResourcesBuildPhase;
			buildActionMask = 2147483647;
			files = (
			);
			runOnlyForDeploymentPostprocessing = 0;
		};
/* End PBXResourcesBuildPhase section */

/* Begin PBXSourcesBuildPhase section */
		148838B8236BCF4F00F9528C /* Sources */ = {
			isa = PBXSourcesBuildPhase;
			buildActionMask = 2147483647;
			files = (
				148838C4236BCF4F00F9528C /* ViewController.swift in Sources */,
				148838C0236BCF4F00F9528C /* AppDelegate.swift in Sources */,
				148838C2236BCF4F00F9528C /* SceneDelegate.swift in Sources */,
			);
			runOnlyForDeploymentPostprocessing = 0;
		};
		148838CE236BCF5200F9528C /* Sources */ = {
			isa = PBXSourcesBuildPhase;
			buildActionMask = 2147483647;
			files = (
				148838D7236BCF5200F9528C /* Bitcoin_Price_AppTests.swift in Sources */,
			);
			runOnlyForDeploymentPostprocessing = 0;
		};
		148838D9236BCF5200F9528C /* Sources */ = {
			isa = PBXSourcesBuildPhase;
			buildActionMask = 2147483647;
			files = (
				148838E2236BCF5200F9528C /* Bitcoin_Price_AppUITests.swift in Sources */,
			);
			runOnlyForDeploymentPostprocessing = 0;
		};
/* End PBXSourcesBuildPhase section */

/* Begin PBXTargetDependency section */
		148838D4236BCF5200F9528C /* PBXTargetDependency */ = {
			isa = PBXTargetDependency;
			target = 148838BB236BCF4F00F9528C /* Bitcoin Price App */;
			targetProxy = 148838D3236BCF5200F9528C /* PBXContainerItemProxy */;
		};
		148838DF236BCF5200F9528C /* PBXTargetDependency */ = {
			isa = PBXTargetDependency;
			target = 148838BB236BCF4F00F9528C /* Bitcoin Price App */;
			targetProxy = 148838DE236BCF5200F9528C /* PBXContainerItemProxy */;
		};
/* End PBXTargetDependency section */

/* Begin PBXVariantGroup section */
		148838C5236BCF4F00F9528C /* Main.storyboard */ = {
			isa = PBXVariantGroup;
			children = (
				148838C6236BCF4F00F9528C /* Base */,
			);
			name = Main.storyboard;
			sourceTree = "<group>";
		};
		148838CA236BCF5200F9528C /* LaunchScreen.storyboard */ = {
			isa = PBXVariantGroup;
			children = (
				148838CB236BCF5200F9528C /* Base */,
			);
			name = LaunchScreen.storyboard;
			sourceTree = "<group>";
		};
/* End PBXVariantGroup section */

/* Begin XCBuildConfiguration section */
		148838E4236BCF5200F9528C /* Debug */ = {
			isa = XCBuildConfiguration;
			buildSettings = {
				ALWAYS_SEARCH_USER_PATHS = NO;
				CLANG_ANALYZER_NONNULL = YES;
				CLANG_ANALYZER_NUMBER_OBJECT_CONVERSION = YES_AGGRESSIVE;
				CLANG_CXX_LANGUAGE_STANDARD = "gnu++14";
				CLANG_CXX_LIBRARY = "libc++";
				CLANG_ENABLE_MODULES = YES;
				CLANG_ENABLE_OBJC_ARC = YES;
				CLANG_ENABLE_OBJC_WEAK = YES;
				CLANG_WARN_BLOCK_CAPTURE_AUTORELEASING = YES;
				CLANG_WARN_BOOL_CONVERSION = YES;
				CLANG_WARN_COMMA = YES;
				CLANG_WARN_CONSTANT_CONVERSION = YES;
				CLANG_WARN_DEPRECATED_OBJC_IMPLEMENTATIONS = YES;
				CLANG_WARN_DIRECT_OBJC_ISA_USAGE = YES_ERROR;
				CLANG_WARN_DOCUMENTATION_COMMENTS = YES;
				CLANG_WARN_EMPTY_BODY = YES;
				CLANG_WARN_ENUM_CONVERSION = YES;
				CLANG_WARN_INFINITE_RECURSION = YES;
				CLANG_WARN_INT_CONVERSION = YES;
				CLANG_WARN_NON_LITERAL_NULL_CONVERSION = YES;
				CLANG_WARN_OBJC_IMPLICIT_RETAIN_SELF = YES;
				CLANG_WARN_OBJC_LITERAL_CONVERSION = YES;
				CLANG_WARN_OBJC_ROOT_CLASS = YES_ERROR;
				CLANG_WARN_RANGE_LOOP_ANALYSIS = YES;
				CLANG_WARN_STRICT_PROTOTYPES = YES;
				CLANG_WARN_SUSPICIOUS_MOVE = YES;
				CLANG_WARN_UNGUARDED_AVAILABILITY = YES_AGGRESSIVE;
				CLANG_WARN_UNREACHABLE_CODE = YES;
				CLANG_WARN__DUPLICATE_METHOD_MATCH = YES;
				COPY_PHASE_STRIP = NO;
				DEBUG_INFORMATION_FORMAT = dwarf;
				ENABLE_STRICT_OBJC_MSGSEND = YES;
				ENABLE_TESTABILITY = YES;
				GCC_C_LANGUAGE_STANDARD = gnu11;
				GCC_DYNAMIC_NO_PIC = NO;
				GCC_NO_COMMON_BLOCKS = YES;
				GCC_OPTIMIZATION_LEVEL = 0;
				GCC_PREPROCESSOR_DEFINITIONS = (
					"DEBUG=1",
					"$(inherited)",
				);
				GCC_WARN_64_TO_32_BIT_CONVERSION = YES;
				GCC_WARN_ABOUT_RETURN_TYPE = YES_ERROR;
				GCC_WARN_UNDECLARED_SELECTOR = YES;
				GCC_WARN_UNINITIALIZED_AUTOS = YES_AGGRESSIVE;
				GCC_WARN_UNUSED_FUNCTION = YES;
				GCC_WARN_UNUSED_VARIABLE = YES;
				IPHONEOS_DEPLOYMENT_TARGET = 13.1;
				MTL_ENABLE_DEBUG_INFO = INCLUDE_SOURCE;
				MTL_FAST_MATH = YES;
				ONLY_ACTIVE_ARCH = YES;
				SDKROOT = iphoneos;
				SWIFT_ACTIVE_COMPILATION_CONDITIONS = DEBUG;
				SWIFT_OPTIMIZATION_LEVEL = "-Onone";
			};
			name = Debug;
		};
		148838E5236BCF5200F9528C /* Release */ = {
			isa = XCBuildConfiguration;
			buildSettings = {
				ALWAYS_SEARCH_USER_PATHS = NO;
				CLANG_ANALYZER_NONNULL = YES;
				CLANG_ANALYZER_NUMBER_OBJECT_CONVERSION = YES_AGGRESSIVE;
				CLANG_CXX_LANGUAGE_STANDARD = "gnu++14";
				CLANG_CXX_LIBRARY = "libc++";
				CLANG_ENABLE_MODULES = YES;
				CLANG_ENABLE_OBJC_ARC = YES;
				CLANG_ENABLE_OBJC_WEAK = YES;
				CLANG_WARN_BLOCK_CAPTURE_AUTORELEASING = YES;
				CLANG_WARN_BOOL_CONVERSION = YES;
				CLANG_WARN_COMMA = YES;
				CLANG_WARN_CONSTANT_CONVERSION = YES;
				CLANG_WARN_DEPRECATED_OBJC_IMPLEMENTATIONS = YES;
				CLANG_WARN_DIRECT_OBJC_ISA_USAGE = YES_ERROR;
				CLANG_WARN_DOCUMENTATION_COMMENTS = YES;
				CLANG_WARN_EMPTY_BODY = YES;
				CLANG_WARN_ENUM_CONVERSION = YES;
				CLANG_WARN_INFINITE_RECURSION = YES;
				CLANG_WARN_INT_CONVERSION = YES;
				CLANG_WARN_NON_LITERAL_NULL_CONVERSION = YES;
				CLANG_WARN_OBJC_IMPLICIT_RETAIN_SELF = YES;
				CLANG_WARN_OBJC_LITERAL_CONVERSION = YES;
				CLANG_WARN_OBJC_ROOT_CLASS = YES_ERROR;
				CLANG_WARN_RANGE_LOOP_ANALYSIS = YES;
				CLANG_WARN_STRICT_PROTOTYPES = YES;
				CLANG_WARN_SUSPICIOUS_MOVE = YES;
				CLANG_WARN_UNGUARDED_AVAILABILITY = YES_AGGRESSIVE;
				CLANG_WARN_UNREACHABLE_CODE = YES;
				CLANG_WARN__DUPLICATE_METHOD_MATCH = YES;
				COPY_PHASE_STRIP = NO;
				DEBUG_INFORMATION_FORMAT = "dwarf-with-dsym";
				ENABLE_NS_ASSERTIONS = NO;
				ENABLE_STRICT_OBJC_MSGSEND = YES;
				GCC_C_LANGUAGE_STANDARD = gnu11;
				GCC_NO_COMMON_BLOCKS = YES;
				GCC_WARN_64_TO_32_BIT_CONVERSION = YES;
				GCC_WARN_ABOUT_RETURN_TYPE = YES_ERROR;
				GCC_WARN_UNDECLARED_SELECTOR = YES;
				GCC_WARN_UNINITIALIZED_AUTOS = YES_AGGRESSIVE;
				GCC_WARN_UNUSED_FUNCTION = YES;
				GCC_WARN_UNUSED_VARIABLE = YES;
				IPHONEOS_DEPLOYMENT_TARGET = 13.1;
				MTL_ENABLE_DEBUG_INFO = NO;
				MTL_FAST_MATH = YES;
				SDKROOT = iphoneos;
				SWIFT_COMPILATION_MODE = wholemodule;
				SWIFT_OPTIMIZATION_LEVEL = "-O";
				VALIDATE_PRODUCT = YES;
			};
			name = Release;
		};
		148838E7236BCF5200F9528C /* Debug */ = {
			isa = XCBuildConfiguration;
			buildSettings = {
				ASSETCATALOG_COMPILER_APPICON_NAME = AppIcon;
				CODE_SIGN_STYLE = Automatic;
				DEVELOPMENT_TEAM = XRXK5C52QN;
				INFOPLIST_FILE = "Bitcoin Price App/Info.plist";
				LD_RUNPATH_SEARCH_PATHS = (
					"$(inherited)",
					"@executable_path/Frameworks",
				);
				PRODUCT_BUNDLE_IDENTIFIER = "com.example.Bitcoin-Price-App";
				PRODUCT_NAME = "$(TARGET_NAME)";
				SWIFT_VERSION = 5.0;
				TARGETED_DEVICE_FAMILY = "1,2";
			};
			name = Debug;
		};
		148838E8236BCF5200F9528C /* Release */ = {
			isa = XCBuildConfiguration;
			buildSettings = {
				ASSETCATALOG_COMPILER_APPICON_NAME = AppIcon;
				CODE_SIGN_STYLE = Automatic;
				DEVELOPMENT_TEAM = XRXK5C52QN;
				INFOPLIST_FILE = "Bitcoin Price App/Info.plist";
				LD_RUNPATH_SEARCH_PATHS = (
					"$(inherited)",
					"@executable_path/Frameworks",
				);
				PRODUCT_BUNDLE_IDENTIFIER = "com.example.Bitcoin-Price-App";
				PRODUCT_NAME = "$(TARGET_NAME)";
				SWIFT_VERSION = 5.0;
				TARGETED_DEVICE_FAMILY = "1,2";
			};
			name = Release;
		};
		148838EA236BCF5200F9528C /* Debug */ = {
			isa = XCBuildConfiguration;
			buildSettings = {
				ALWAYS_EMBED_SWIFT_STANDARD_LIBRARIES = YES;
				BUNDLE_LOADER = "$(TEST_HOST)";
				CODE_SIGN_STYLE = Automatic;
				DEVELOPMENT_TEAM = XRXK5C52QN;
				INFOPLIST_FILE = "Bitcoin Price AppTests/Info.plist";
				IPHONEOS_DEPLOYMENT_TARGET = 13.1;
				LD_RUNPATH_SEARCH_PATHS = (
					"$(inherited)",
					"@executable_path/Frameworks",
					"@loader_path/Frameworks",
				);
				PRODUCT_BUNDLE_IDENTIFIER = "com.example.Bitcoin-Price-AppTests";
				PRODUCT_NAME = "$(TARGET_NAME)";
				SWIFT_VERSION = 5.0;
				TARGETED_DEVICE_FAMILY = "1,2";
				TEST_HOST = "$(BUILT_PRODUCTS_DIR)/Bitcoin Price App.app/Bitcoin Price App";
			};
			name = Debug;
		};
		148838EB236BCF5200F9528C /* Release */ = {
			isa = XCBuildConfiguration;
			buildSettings = {
				ALWAYS_EMBED_SWIFT_STANDARD_LIBRARIES = YES;
				BUNDLE_LOADER = "$(TEST_HOST)";
				CODE_SIGN_STYLE = Automatic;
				DEVELOPMENT_TEAM = XRXK5C52QN;
				INFOPLIST_FILE = "Bitcoin Price AppTests/Info.plist";
				IPHONEOS_DEPLOYMENT_TARGET = 13.1;
				LD_RUNPATH_SEARCH_PATHS = (
					"$(inherited)",
					"@executable_path/Frameworks",
					"@loader_path/Frameworks",
				);
				PRODUCT_BUNDLE_IDENTIFIER = "com.example.Bitcoin-Price-AppTests";
				PRODUCT_NAME = "$(TARGET_NAME)";
				SWIFT_VERSION = 5.0;
				TARGETED_DEVICE_FAMILY = "1,2";
				TEST_HOST = "$(BUILT_PRODUCTS_DIR)/Bitcoin Price App.app/Bitcoin Price App";
			};
			name = Release;
		};
		148838ED236BCF5200F9528C /* Debug */ = {
			isa = XCBuildConfiguration;
			buildSettings = {
				ALWAYS_EMBED_SWIFT_STANDARD_LIBRARIES = YES;
				CODE_SIGN_STYLE = Automatic;
				DEVELOPMENT_TEAM = XRXK5C52QN;
				INFOPLIST_FILE = "Bitcoin Price AppUITests/Info.plist";
				LD_RUNPATH_SEARCH_PATHS = (
					"$(inherited)",
					"@executable_path/Frameworks",
					"@loader_path/Frameworks",
				);
				PRODUCT_BUNDLE_IDENTIFIER = "com.example.Bitcoin-Price-AppUITests";
				PRODUCT_NAME = "$(TARGET_NAME)";
				SWIFT_VERSION = 5.0;
				TARGETED_DEVICE_FAMILY = "1,2";
				TEST_TARGET_NAME = "Bitcoin Price App";
			};
			name = Debug;
		};
		148838EE236BCF5200F9528C /* Release */ = {
			isa = XCBuildConfiguration;
			buildSettings = {
				ALWAYS_EMBED_SWIFT_STANDARD_LIBRARIES = YES;
				CODE_SIGN_STYLE = Automatic;
				DEVELOPMENT_TEAM = XRXK5C52QN;
				INFOPLIST_FILE = "Bitcoin Price AppUITests/Info.plist";
				LD_RUNPATH_SEARCH_PATHS = (
					"$(inherited)",
					"@executable_path/Frameworks",
					"@loader_path/Frameworks",
				);
				PRODUCT_BUNDLE_IDENTIFIER = "com.example.Bitcoin-Price-AppUITests";
				PRODUCT_NAME = "$(TARGET_NAME)";
				SWIFT_VERSION = 5.0;
				TARGETED_DEVICE_FAMILY = "1,2";
				TEST_TARGET_NAME = "Bitcoin Price App";
			};
			name = Release;
		};
/* End XCBuildConfiguration section */

/* Begin XCConfigurationList section */
		148838B7236BCF4F00F9528C /* Build configuration list for PBXProject "Bitcoin Price App" */ = {
			isa = XCConfigurationList;
			buildConfigurations = (
				148838E4236BCF5200F9528C /* Debug */,
				148838E5236BCF5200F9528C /* Release */,
			);
			defaultConfigurationIsVisible = 0;
			defaultConfigurationName = Release;
		};
		148838E6236BCF5200F9528C /* Build configuration list for PBXNativeTarget "Bitcoin Price App" */ = {
			isa = XCConfigurationList;
			buildConfigurations = (
				148838E7236BCF5200F9528C /* Debug */,
				148838E8236BCF5200F9528C /* Release */,
			);
			defaultConfigurationIsVisible = 0;
			defaultConfigurationName = Release;
		};
		148838E9236BCF5200F9528C /* Build configuration list for PBXNativeTarget "Bitcoin Price AppTests" */ = {
			isa = XCConfigurationList;
			buildConfigurations = (
				148838EA236BCF5200F9528C /* Debug */,
				148838EB236BCF5200F9528C /* Release */,
			);
			defaultConfigurationIsVisible = 0;
			defaultConfigurationName = Release;
		};
		148838EC236BCF5200F9528C /* Build configuration list for PBXNativeTarget "Bitcoin Price AppUITests" */ = {
			isa = XCConfigurationList;
			buildConfigurations = (
				148838ED236BCF5200F9528C /* Debug */,
				148838EE236BCF5200F9528C /* Release */,
			);
			defaultConfigurationIsVisible = 0;
			defaultConfigurationName = Release;
		};
/* End XCConfigurationList section */
	};
	rootObject = 148838B4236BCF4F00F9528C /* Project object */;
}
