// !$*UTF8*$!
{
	archiveVersion = 1;
	classes = {
	};
	objectVersion = 50;
	objects = {

/* Begin PBXBuildFile section */
		1436677B2378B25D00D1E2B0 /* AppDelegate.swift in Sources */ = {isa = PBXBuildFile; fileRef = 1436677A2378B25D00D1E2B0 /* AppDelegate.swift */; };
		1436677D2378B25D00D1E2B0 /* SceneDelegate.swift in Sources */ = {isa = PBXBuildFile; fileRef = 1436677C2378B25D00D1E2B0 /* SceneDelegate.swift */; };
		143667822378B25D00D1E2B0 /* Main.storyboard in Resources */ = {isa = PBXBuildFile; fileRef = 143667802378B25D00D1E2B0 /* Main.storyboard */; };
		143667842378B25F00D1E2B0 /* Assets.xcassets in Resources */ = {isa = PBXBuildFile; fileRef = 143667832378B25F00D1E2B0 /* Assets.xcassets */; };
		143667872378B25F00D1E2B0 /* LaunchScreen.storyboard in Resources */ = {isa = PBXBuildFile; fileRef = 143667852378B25F00D1E2B0 /* LaunchScreen.storyboard */; };
		143667922378B25F00D1E2B0 /* AvatarTests.swift in Sources */ = {isa = PBXBuildFile; fileRef = 143667912378B25F00D1E2B0 /* AvatarTests.swift */; };
		1436679D2378B25F00D1E2B0 /* AvatarUITests.swift in Sources */ = {isa = PBXBuildFile; fileRef = 1436679C2378B25F00D1E2B0 /* AvatarUITests.swift */; };
		143667B02378B32D00D1E2B0 /* blockchain.swift in Sources */ = {isa = PBXBuildFile; fileRef = 143667AA2378B32D00D1E2B0 /* blockchain.swift */; };
		143667B12378B32D00D1E2B0 /* home.swift in Sources */ = {isa = PBXBuildFile; fileRef = 143667AB2378B32D00D1E2B0 /* home.swift */; };
		143667B22378B32D00D1E2B0 /* block.swift in Sources */ = {isa = PBXBuildFile; fileRef = 143667AC2378B32D00D1E2B0 /* block.swift */; };
		143667B32378B32D00D1E2B0 /* TableViewCell.swift in Sources */ = {isa = PBXBuildFile; fileRef = 143667AD2378B32D00D1E2B0 /* TableViewCell.swift */; };
		143667B42378B32D00D1E2B0 /* TableViewController.swift in Sources */ = {isa = PBXBuildFile; fileRef = 143667AE2378B32D00D1E2B0 /* TableViewController.swift */; };
		143667B52378B32D00D1E2B0 /* TableViewCell.xib in Resources */ = {isa = PBXBuildFile; fileRef = 143667AF2378B32D00D1E2B0 /* TableViewCell.xib */; };
/* End PBXBuildFile section */

/* Begin PBXContainerItemProxy section */
		1436678E2378B25F00D1E2B0 /* PBXContainerItemProxy */ = {
			isa = PBXContainerItemProxy;
			containerPortal = 1436676F2378B25D00D1E2B0 /* Project object */;
			proxyType = 1;
			remoteGlobalIDString = 143667762378B25D00D1E2B0;
			remoteInfo = Avatar;
		};
		143667992378B25F00D1E2B0 /* PBXContainerItemProxy */ = {
			isa = PBXContainerItemProxy;
			containerPortal = 1436676F2378B25D00D1E2B0 /* Project object */;
			proxyType = 1;
			remoteGlobalIDString = 143667762378B25D00D1E2B0;
			remoteInfo = Avatar;
		};
/* End PBXContainerItemProxy section */

/* Begin PBXFileReference section */
		143667772378B25D00D1E2B0 /* Avatar.app */ = {isa = PBXFileReference; explicitFileType = wrapper.application; includeInIndex = 0; path = Avatar.app; sourceTree = BUILT_PRODUCTS_DIR; };
		1436677A2378B25D00D1E2B0 /* AppDelegate.swift */ = {isa = PBXFileReference; lastKnownFileType = sourcecode.swift; path = AppDelegate.swift; sourceTree = "<group>"; };
		1436677C2378B25D00D1E2B0 /* SceneDelegate.swift */ = {isa = PBXFileReference; lastKnownFileType = sourcecode.swift; path = SceneDelegate.swift; sourceTree = "<group>"; };
		143667812378B25D00D1E2B0 /* Base */ = {isa = PBXFileReference; lastKnownFileType = file.storyboard; name = Base; path = Base.lproj/Main.storyboard; sourceTree = "<group>"; };
		143667832378B25F00D1E2B0 /* Assets.xcassets */ = {isa = PBXFileReference; lastKnownFileType = folder.assetcatalog; path = Assets.xcassets; sourceTree = "<group>"; };
		143667862378B25F00D1E2B0 /* Base */ = {isa = PBXFileReference; lastKnownFileType = file.storyboard; name = Base; path = Base.lproj/LaunchScreen.storyboard; sourceTree = "<group>"; };
		143667882378B25F00D1E2B0 /* Info.plist */ = {isa = PBXFileReference; lastKnownFileType = text.plist.xml; path = Info.plist; sourceTree = "<group>"; };
		1436678D2378B25F00D1E2B0 /* AvatarTests.xctest */ = {isa = PBXFileReference; explicitFileType = wrapper.cfbundle; includeInIndex = 0; path = AvatarTests.xctest; sourceTree = BUILT_PRODUCTS_DIR; };
		143667912378B25F00D1E2B0 /* AvatarTests.swift */ = {isa = PBXFileReference; lastKnownFileType = sourcecode.swift; path = AvatarTests.swift; sourceTree = "<group>"; };
		143667932378B25F00D1E2B0 /* Info.plist */ = {isa = PBXFileReference; lastKnownFileType = text.plist.xml; path = Info.plist; sourceTree = "<group>"; };
		143667982378B25F00D1E2B0 /* AvatarUITests.xctest */ = {isa = PBXFileReference; explicitFileType = wrapper.cfbundle; includeInIndex = 0; path = AvatarUITests.xctest; sourceTree = BUILT_PRODUCTS_DIR; };
		1436679C2378B25F00D1E2B0 /* AvatarUITests.swift */ = {isa = PBXFileReference; lastKnownFileType = sourcecode.swift; path = AvatarUITests.swift; sourceTree = "<group>"; };
		1436679E2378B25F00D1E2B0 /* Info.plist */ = {isa = PBXFileReference; lastKnownFileType = text.plist.xml; path = Info.plist; sourceTree = "<group>"; };
		143667AA2378B32D00D1E2B0 /* blockchain.swift */ = {isa = PBXFileReference; fileEncoding = 4; lastKnownFileType = sourcecode.swift; path = blockchain.swift; sourceTree = "<group>"; };
		143667AB2378B32D00D1E2B0 /* home.swift */ = {isa = PBXFileReference; fileEncoding = 4; lastKnownFileType = sourcecode.swift; path = home.swift; sourceTree = "<group>"; };
		143667AC2378B32D00D1E2B0 /* block.swift */ = {isa = PBXFileReference; fileEncoding = 4; lastKnownFileType = sourcecode.swift; path = block.swift; sourceTree = "<group>"; };
		143667AD2378B32D00D1E2B0 /* TableViewCell.swift */ = {isa = PBXFileReference; fileEncoding = 4; lastKnownFileType = sourcecode.swift; path = TableViewCell.swift; sourceTree = "<group>"; };
		143667AE2378B32D00D1E2B0 /* TableViewController.swift */ = {isa = PBXFileReference; fileEncoding = 4; lastKnownFileType = sourcecode.swift; path = TableViewController.swift; sourceTree = "<group>"; };
		143667AF2378B32D00D1E2B0 /* TableViewCell.xib */ = {isa = PBXFileReference; fileEncoding = 4; lastKnownFileType = file.xib; path = TableViewCell.xib; sourceTree = "<group>"; };
/* End PBXFileReference section */

/* Begin PBXFrameworksBuildPhase section */
		143667742378B25D00D1E2B0 /* Frameworks */ = {
			isa = PBXFrameworksBuildPhase;
			buildActionMask = 2147483647;
			files = (
			);
			runOnlyForDeploymentPostprocessing = 0;
		};
		1436678A2378B25F00D1E2B0 /* Frameworks */ = {
			isa = PBXFrameworksBuildPhase;
			buildActionMask = 2147483647;
			files = (
			);
			runOnlyForDeploymentPostprocessing = 0;
		};
		143667952378B25F00D1E2B0 /* Frameworks */ = {
			isa = PBXFrameworksBuildPhase;
			buildActionMask = 2147483647;
			files = (
			);
			runOnlyForDeploymentPostprocessing = 0;
		};
/* End PBXFrameworksBuildPhase section */

/* Begin PBXGroup section */
		1436676E2378B25D00D1E2B0 = {
			isa = PBXGroup;
			children = (
				143667792378B25D00D1E2B0 /* Avatar */,
				143667902378B25F00D1E2B0 /* AvatarTests */,
				1436679B2378B25F00D1E2B0 /* AvatarUITests */,
				143667782378B25D00D1E2B0 /* Products */,
			);
			sourceTree = "<group>";
		};
		143667782378B25D00D1E2B0 /* Products */ = {
			isa = PBXGroup;
			children = (
				143667772378B25D00D1E2B0 /* Avatar.app */,
				1436678D2378B25F00D1E2B0 /* AvatarTests.xctest */,
				143667982378B25F00D1E2B0 /* AvatarUITests.xctest */,
			);
			name = Products;
			sourceTree = "<group>";
		};
		143667792378B25D00D1E2B0 /* Avatar */ = {
			isa = PBXGroup;
			children = (
				143667AC2378B32D00D1E2B0 /* block.swift */,
				143667AA2378B32D00D1E2B0 /* blockchain.swift */,
				143667AB2378B32D00D1E2B0 /* home.swift */,
				143667AD2378B32D00D1E2B0 /* TableViewCell.swift */,
				143667AF2378B32D00D1E2B0 /* TableViewCell.xib */,
				143667AE2378B32D00D1E2B0 /* TableViewController.swift */,
				1436677A2378B25D00D1E2B0 /* AppDelegate.swift */,
				1436677C2378B25D00D1E2B0 /* SceneDelegate.swift */,
				143667802378B25D00D1E2B0 /* Main.storyboard */,
				143667832378B25F00D1E2B0 /* Assets.xcassets */,
				143667852378B25F00D1E2B0 /* LaunchScreen.storyboard */,
				143667882378B25F00D1E2B0 /* Info.plist */,
			);
			path = Avatar;
			sourceTree = "<group>";
		};
		143667902378B25F00D1E2B0 /* AvatarTests */ = {
			isa = PBXGroup;
			children = (
				143667912378B25F00D1E2B0 /* AvatarTests.swift */,
				143667932378B25F00D1E2B0 /* Info.plist */,
			);
			path = AvatarTests;
			sourceTree = "<group>";
		};
		1436679B2378B25F00D1E2B0 /* AvatarUITests */ = {
			isa = PBXGroup;
			children = (
				1436679C2378B25F00D1E2B0 /* AvatarUITests.swift */,
				1436679E2378B25F00D1E2B0 /* Info.plist */,
			);
			path = AvatarUITests;
			sourceTree = "<group>";
		};
/* End PBXGroup section */

/* Begin PBXNativeTarget section */
		143667762378B25D00D1E2B0 /* Avatar */ = {
			isa = PBXNativeTarget;
			buildConfigurationList = 143667A12378B25F00D1E2B0 /* Build configuration list for PBXNativeTarget "Avatar" */;
			buildPhases = (
				143667732378B25D00D1E2B0 /* Sources */,
				143667742378B25D00D1E2B0 /* Frameworks */,
				143667752378B25D00D1E2B0 /* Resources */,
			);
			buildRules = (
			);
			dependencies = (
			);
			name = Avatar;
			productName = Avatar;
			productReference = 143667772378B25D00D1E2B0 /* Avatar.app */;
			productType = "com.apple.product-type.application";
		};
		1436678C2378B25F00D1E2B0 /* AvatarTests */ = {
			isa = PBXNativeTarget;
			buildConfigurationList = 143667A42378B25F00D1E2B0 /* Build configuration list for PBXNativeTarget "AvatarTests" */;
			buildPhases = (
				143667892378B25F00D1E2B0 /* Sources */,
				1436678A2378B25F00D1E2B0 /* Frameworks */,
				1436678B2378B25F00D1E2B0 /* Resources */,
			);
			buildRules = (
			);
			dependencies = (
				1436678F2378B25F00D1E2B0 /* PBXTargetDependency */,
			);
			name = AvatarTests;
			productName = AvatarTests;
			productReference = 1436678D2378B25F00D1E2B0 /* AvatarTests.xctest */;
			productType = "com.apple.product-type.bundle.unit-test";
		};
		143667972378B25F00D1E2B0 /* AvatarUITests */ = {
			isa = PBXNativeTarget;
			buildConfigurationList = 143667A72378B25F00D1E2B0 /* Build configuration list for PBXNativeTarget "AvatarUITests" */;
			buildPhases = (
				143667942378B25F00D1E2B0 /* Sources */,
				143667952378B25F00D1E2B0 /* Frameworks */,
				143667962378B25F00D1E2B0 /* Resources */,
			);
			buildRules = (
			);
			dependencies = (
				1436679A2378B25F00D1E2B0 /* PBXTargetDependency */,
			);
			name = AvatarUITests;
			productName = AvatarUITests;
			productReference = 143667982378B25F00D1E2B0 /* AvatarUITests.xctest */;
			productType = "com.apple.product-type.bundle.ui-testing";
		};
/* End PBXNativeTarget section */

/* Begin PBXProject section */
		1436676F2378B25D00D1E2B0 /* Project object */ = {
			isa = PBXProject;
			attributes = {
				LastSwiftUpdateCheck = 1120;
				LastUpgradeCheck = 1120;
				ORGANIZATIONNAME = "Rosh Sugathan Thaivalappil";
				TargetAttributes = {
					143667762378B25D00D1E2B0 = {
						CreatedOnToolsVersion = 11.2;
					};
					1436678C2378B25F00D1E2B0 = {
						CreatedOnToolsVersion = 11.2;
						TestTargetID = 143667762378B25D00D1E2B0;
					};
					143667972378B25F00D1E2B0 = {
						CreatedOnToolsVersion = 11.2;
						TestTargetID = 143667762378B25D00D1E2B0;
					};
				};
			};
			buildConfigurationList = 143667722378B25D00D1E2B0 /* Build configuration list for PBXProject "Avatar" */;
			compatibilityVersion = "Xcode 9.3";
			developmentRegion = en;
			hasScannedForEncodings = 0;
			knownRegions = (
				en,
				Base,
			);
			mainGroup = 1436676E2378B25D00D1E2B0;
			productRefGroup = 143667782378B25D00D1E2B0 /* Products */;
			projectDirPath = "";
			projectRoot = "";
			targets = (
				143667762378B25D00D1E2B0 /* Avatar */,
				1436678C2378B25F00D1E2B0 /* AvatarTests */,
				143667972378B25F00D1E2B0 /* AvatarUITests */,
			);
		};
/* End PBXProject section */

/* Begin PBXResourcesBuildPhase section */
		143667752378B25D00D1E2B0 /* Resources */ = {
			isa = PBXResourcesBuildPhase;
			buildActionMask = 2147483647;
			files = (
				143667872378B25F00D1E2B0 /* LaunchScreen.storyboard in Resources */,
				143667B52378B32D00D1E2B0 /* TableViewCell.xib in Resources */,
				143667842378B25F00D1E2B0 /* Assets.xcassets in Resources */,
				143667822378B25D00D1E2B0 /* Main.storyboard in Resources */,
			);
			runOnlyForDeploymentPostprocessing = 0;
		};
		1436678B2378B25F00D1E2B0 /* Resources */ = {
			isa = PBXResourcesBuildPhase;
			buildActionMask = 2147483647;
			files = (
			);
			runOnlyForDeploymentPostprocessing = 0;
		};
		143667962378B25F00D1E2B0 /* Resources */ = {
			isa = PBXResourcesBuildPhase;
			buildActionMask = 2147483647;
			files = (
			);
			runOnlyForDeploymentPostprocessing = 0;
		};
/* End PBXResourcesBuildPhase section */

/* Begin PBXSourcesBuildPhase section */
		143667732378B25D00D1E2B0 /* Sources */ = {
			isa = PBXSourcesBuildPhase;
			buildActionMask = 2147483647;
			files = (
				143667B02378B32D00D1E2B0 /* blockchain.swift in Sources */,
				1436677B2378B25D00D1E2B0 /* AppDelegate.swift in Sources */,
				143667B42378B32D00D1E2B0 /* TableViewController.swift in Sources */,
				143667B22378B32D00D1E2B0 /* block.swift in Sources */,
				143667B12378B32D00D1E2B0 /* home.swift in Sources */,
				143667B32378B32D00D1E2B0 /* TableViewCell.swift in Sources */,
				1436677D2378B25D00D1E2B0 /* SceneDelegate.swift in Sources */,
			);
			runOnlyForDeploymentPostprocessing = 0;
		};
		143667892378B25F00D1E2B0 /* Sources */ = {
			isa = PBXSourcesBuildPhase;
			buildActionMask = 2147483647;
			files = (
				143667922378B25F00D1E2B0 /* AvatarTests.swift in Sources */,
			);
			runOnlyForDeploymentPostprocessing = 0;
		};
		143667942378B25F00D1E2B0 /* Sources */ = {
			isa = PBXSourcesBuildPhase;
			buildActionMask = 2147483647;
			files = (
				1436679D2378B25F00D1E2B0 /* AvatarUITests.swift in Sources */,
			);
			runOnlyForDeploymentPostprocessing = 0;
		};
/* End PBXSourcesBuildPhase section */

/* Begin PBXTargetDependency section */
		1436678F2378B25F00D1E2B0 /* PBXTargetDependency */ = {
			isa = PBXTargetDependency;
			target = 143667762378B25D00D1E2B0 /* Avatar */;
			targetProxy = 1436678E2378B25F00D1E2B0 /* PBXContainerItemProxy */;
		};
		1436679A2378B25F00D1E2B0 /* PBXTargetDependency */ = {
			isa = PBXTargetDependency;
			target = 143667762378B25D00D1E2B0 /* Avatar */;
			targetProxy = 143667992378B25F00D1E2B0 /* PBXContainerItemProxy */;
		};
/* End PBXTargetDependency section */

/* Begin PBXVariantGroup section */
		143667802378B25D00D1E2B0 /* Main.storyboard */ = {
			isa = PBXVariantGroup;
			children = (
				143667812378B25D00D1E2B0 /* Base */,
			);
			name = Main.storyboard;
			sourceTree = "<group>";
		};
		143667852378B25F00D1E2B0 /* LaunchScreen.storyboard */ = {
			isa = PBXVariantGroup;
			children = (
				143667862378B25F00D1E2B0 /* Base */,
			);
			name = LaunchScreen.storyboard;
			sourceTree = "<group>";
		};
/* End PBXVariantGroup section */

/* Begin XCBuildConfiguration section */
		1436679F2378B25F00D1E2B0 /* Debug */ = {
			isa = XCBuildConfiguration;
			buildSettings = {
				ALWAYS_SEARCH_USER_PATHS = NO;
				CLANG_ANALYZER_NONNULL = YES;
				CLANG_ANALYZER_NUMBER_OBJECT_CONVERSION = YES_AGGRESSIVE;
				CLANG_CXX_LANGUAGE_STANDARD = "gnu++14";
				CLANG_CXX_LIBRARY = "libc++";
				CLANG_ENABLE_MODULES = YES;
				CLANG_ENABLE_OBJC_ARC = YES;
				CLANG_ENABLE_OBJC_WEAK = YES;
				CLANG_WARN_BLOCK_CAPTURE_AUTORELEASING = YES;
				CLANG_WARN_BOOL_CONVERSION = YES;
				CLANG_WARN_COMMA = YES;
				CLANG_WARN_CONSTANT_CONVERSION = YES;
				CLANG_WARN_DEPRECATED_OBJC_IMPLEMENTATIONS = YES;
				CLANG_WARN_DIRECT_OBJC_ISA_USAGE = YES_ERROR;
				CLANG_WARN_DOCUMENTATION_COMMENTS = YES;
				CLANG_WARN_EMPTY_BODY = YES;
				CLANG_WARN_ENUM_CONVERSION = YES;
				CLANG_WARN_INFINITE_RECURSION = YES;
				CLANG_WARN_INT_CONVERSION = YES;
				CLANG_WARN_NON_LITERAL_NULL_CONVERSION = YES;
				CLANG_WARN_OBJC_IMPLICIT_RETAIN_SELF = YES;
				CLANG_WARN_OBJC_LITERAL_CONVERSION = YES;
				CLANG_WARN_OBJC_ROOT_CLASS = YES_ERROR;
				CLANG_WARN_RANGE_LOOP_ANALYSIS = YES;
				CLANG_WARN_STRICT_PROTOTYPES = YES;
				CLANG_WARN_SUSPICIOUS_MOVE = YES;
				CLANG_WARN_UNGUARDED_AVAILABILITY = YES_AGGRESSIVE;
				CLANG_WARN_UNREACHABLE_CODE = YES;
				CLANG_WARN__DUPLICATE_METHOD_MATCH = YES;
				COPY_PHASE_STRIP = NO;
				DEBUG_INFORMATION_FORMAT = dwarf;
				ENABLE_STRICT_OBJC_MSGSEND = YES;
				ENABLE_TESTABILITY = YES;
				GCC_C_LANGUAGE_STANDARD = gnu11;
				GCC_DYNAMIC_NO_PIC = NO;
				GCC_NO_COMMON_BLOCKS = YES;
				GCC_OPTIMIZATION_LEVEL = 0;
				GCC_PREPROCESSOR_DEFINITIONS = (
					"DEBUG=1",
					"$(inherited)",
				);
				GCC_WARN_64_TO_32_BIT_CONVERSION = YES;
				GCC_WARN_ABOUT_RETURN_TYPE = YES_ERROR;
				GCC_WARN_UNDECLARED_SELECTOR = YES;
				GCC_WARN_UNINITIALIZED_AUTOS = YES_AGGRESSIVE;
				GCC_WARN_UNUSED_FUNCTION = YES;
				GCC_WARN_UNUSED_VARIABLE = YES;
				IPHONEOS_DEPLOYMENT_TARGET = 13.2;
				MTL_ENABLE_DEBUG_INFO = INCLUDE_SOURCE;
				MTL_FAST_MATH = YES;
				ONLY_ACTIVE_ARCH = YES;
				SDKROOT = iphoneos;
				SWIFT_ACTIVE_COMPILATION_CONDITIONS = DEBUG;
				SWIFT_OPTIMIZATION_LEVEL = "-Onone";
			};
			name = Debug;
		};
		143667A02378B25F00D1E2B0 /* Release */ = {
			isa = XCBuildConfiguration;
			buildSettings = {
				ALWAYS_SEARCH_USER_PATHS = NO;
				CLANG_ANALYZER_NONNULL = YES;
				CLANG_ANALYZER_NUMBER_OBJECT_CONVERSION = YES_AGGRESSIVE;
				CLANG_CXX_LANGUAGE_STANDARD = "gnu++14";
				CLANG_CXX_LIBRARY = "libc++";
				CLANG_ENABLE_MODULES = YES;
				CLANG_ENABLE_OBJC_ARC = YES;
				CLANG_ENABLE_OBJC_WEAK = YES;
				CLANG_WARN_BLOCK_CAPTURE_AUTORELEASING = YES;
				CLANG_WARN_BOOL_CONVERSION = YES;
				CLANG_WARN_COMMA = YES;
				CLANG_WARN_CONSTANT_CONVERSION = YES;
				CLANG_WARN_DEPRECATED_OBJC_IMPLEMENTATIONS = YES;
				CLANG_WARN_DIRECT_OBJC_ISA_USAGE = YES_ERROR;
				CLANG_WARN_DOCUMENTATION_COMMENTS = YES;
				CLANG_WARN_EMPTY_BODY = YES;
				CLANG_WARN_ENUM_CONVERSION = YES;
				CLANG_WARN_INFINITE_RECURSION = YES;
				CLANG_WARN_INT_CONVERSION = YES;
				CLANG_WARN_NON_LITERAL_NULL_CONVERSION = YES;
				CLANG_WARN_OBJC_IMPLICIT_RETAIN_SELF = YES;
				CLANG_WARN_OBJC_LITERAL_CONVERSION = YES;
				CLANG_WARN_OBJC_ROOT_CLASS = YES_ERROR;
				CLANG_WARN_RANGE_LOOP_ANALYSIS = YES;
				CLANG_WARN_STRICT_PROTOTYPES = YES;
				CLANG_WARN_SUSPICIOUS_MOVE = YES;
				CLANG_WARN_UNGUARDED_AVAILABILITY = YES_AGGRESSIVE;
				CLANG_WARN_UNREACHABLE_CODE = YES;
				CLANG_WARN__DUPLICATE_METHOD_MATCH = YES;
				COPY_PHASE_STRIP = NO;
				DEBUG_INFORMATION_FORMAT = "dwarf-with-dsym";
				ENABLE_NS_ASSERTIONS = NO;
				ENABLE_STRICT_OBJC_MSGSEND = YES;
				GCC_C_LANGUAGE_STANDARD = gnu11;
				GCC_NO_COMMON_BLOCKS = YES;
				GCC_WARN_64_TO_32_BIT_CONVERSION = YES;
				GCC_WARN_ABOUT_RETURN_TYPE = YES_ERROR;
				GCC_WARN_UNDECLARED_SELECTOR = YES;
				GCC_WARN_UNINITIALIZED_AUTOS = YES_AGGRESSIVE;
				GCC_WARN_UNUSED_FUNCTION = YES;
				GCC_WARN_UNUSED_VARIABLE = YES;
				IPHONEOS_DEPLOYMENT_TARGET = 13.2;
				MTL_ENABLE_DEBUG_INFO = NO;
				MTL_FAST_MATH = YES;
				SDKROOT = iphoneos;
				SWIFT_COMPILATION_MODE = wholemodule;
				SWIFT_OPTIMIZATION_LEVEL = "-O";
				VALIDATE_PRODUCT = YES;
			};
			name = Release;
		};
		143667A22378B25F00D1E2B0 /* Debug */ = {
			isa = XCBuildConfiguration;
			buildSettings = {
				ASSETCATALOG_COMPILER_APPICON_NAME = AppIcon;
				CODE_SIGN_STYLE = Automatic;
				DEVELOPMENT_TEAM = XRXK5C52QN;
				INFOPLIST_FILE = Avatar/Info.plist;
				LD_RUNPATH_SEARCH_PATHS = (
					"$(inherited)",
					"@executable_path/Frameworks",
				);
				PRODUCT_BUNDLE_IDENTIFIER = com.example.Avatar;
				PRODUCT_NAME = "$(TARGET_NAME)";
				SWIFT_VERSION = 5.0;
				TARGETED_DEVICE_FAMILY = "1,2";
			};
			name = Debug;
		};
		143667A32378B25F00D1E2B0 /* Release */ = {
			isa = XCBuildConfiguration;
			buildSettings = {
				ASSETCATALOG_COMPILER_APPICON_NAME = AppIcon;
				CODE_SIGN_STYLE = Automatic;
				DEVELOPMENT_TEAM = XRXK5C52QN;
				INFOPLIST_FILE = Avatar/Info.plist;
				LD_RUNPATH_SEARCH_PATHS = (
					"$(inherited)",
					"@executable_path/Frameworks",
				);
				PRODUCT_BUNDLE_IDENTIFIER = com.example.Avatar;
				PRODUCT_NAME = "$(TARGET_NAME)";
				SWIFT_VERSION = 5.0;
				TARGETED_DEVICE_FAMILY = "1,2";
			};
			name = Release;
		};
		143667A52378B25F00D1E2B0 /* Debug */ = {
			isa = XCBuildConfiguration;
			buildSettings = {
				ALWAYS_EMBED_SWIFT_STANDARD_LIBRARIES = YES;
				BUNDLE_LOADER = "$(TEST_HOST)";
				CODE_SIGN_STYLE = Automatic;
				DEVELOPMENT_TEAM = XRXK5C52QN;
				INFOPLIST_FILE = AvatarTests/Info.plist;
				IPHONEOS_DEPLOYMENT_TARGET = 13.2;
				LD_RUNPATH_SEARCH_PATHS = (
					"$(inherited)",
					"@executable_path/Frameworks",
					"@loader_path/Frameworks",
				);
				PRODUCT_BUNDLE_IDENTIFIER = com.example.AvatarTests;
				PRODUCT_NAME = "$(TARGET_NAME)";
				SWIFT_VERSION = 5.0;
				TARGETED_DEVICE_FAMILY = "1,2";
				TEST_HOST = "$(BUILT_PRODUCTS_DIR)/Avatar.app/Avatar";
			};
			name = Debug;
		};
		143667A62378B25F00D1E2B0 /* Release */ = {
			isa = XCBuildConfiguration;
			buildSettings = {
				ALWAYS_EMBED_SWIFT_STANDARD_LIBRARIES = YES;
				BUNDLE_LOADER = "$(TEST_HOST)";
				CODE_SIGN_STYLE = Automatic;
				DEVELOPMENT_TEAM = XRXK5C52QN;
				INFOPLIST_FILE = AvatarTests/Info.plist;
				IPHONEOS_DEPLOYMENT_TARGET = 13.2;
				LD_RUNPATH_SEARCH_PATHS = (
					"$(inherited)",
					"@executable_path/Frameworks",
					"@loader_path/Frameworks",
				);
				PRODUCT_BUNDLE_IDENTIFIER = com.example.AvatarTests;
				PRODUCT_NAME = "$(TARGET_NAME)";
				SWIFT_VERSION = 5.0;
				TARGETED_DEVICE_FAMILY = "1,2";
				TEST_HOST = "$(BUILT_PRODUCTS_DIR)/Avatar.app/Avatar";
			};
			name = Release;
		};
		143667A82378B25F00D1E2B0 /* Debug */ = {
			isa = XCBuildConfiguration;
			buildSettings = {
				ALWAYS_EMBED_SWIFT_STANDARD_LIBRARIES = YES;
				CODE_SIGN_STYLE = Automatic;
				DEVELOPMENT_TEAM = XRXK5C52QN;
				INFOPLIST_FILE = AvatarUITests/Info.plist;
				LD_RUNPATH_SEARCH_PATHS = (
					"$(inherited)",
					"@executable_path/Frameworks",
					"@loader_path/Frameworks",
				);
				PRODUCT_BUNDLE_IDENTIFIER = com.example.AvatarUITests;
				PRODUCT_NAME = "$(TARGET_NAME)";
				SWIFT_VERSION = 5.0;
				TARGETED_DEVICE_FAMILY = "1,2";
				TEST_TARGET_NAME = Avatar;
			};
			name = Debug;
		};
		143667A92378B25F00D1E2B0 /* Release */ = {
			isa = XCBuildConfiguration;
			buildSettings = {
				ALWAYS_EMBED_SWIFT_STANDARD_LIBRARIES = YES;
				CODE_SIGN_STYLE = Automatic;
				DEVELOPMENT_TEAM = XRXK5C52QN;
				INFOPLIST_FILE = AvatarUITests/Info.plist;
				LD_RUNPATH_SEARCH_PATHS = (
					"$(inherited)",
					"@executable_path/Frameworks",
					"@loader_path/Frameworks",
				);
				PRODUCT_BUNDLE_IDENTIFIER = com.example.AvatarUITests;
				PRODUCT_NAME = "$(TARGET_NAME)";
				SWIFT_VERSION = 5.0;
				TARGETED_DEVICE_FAMILY = "1,2";
				TEST_TARGET_NAME = Avatar;
			};
			name = Release;
		};
/* End XCBuildConfiguration section */

/* Begin XCConfigurationList section */
		143667722378B25D00D1E2B0 /* Build configuration list for PBXProject "Avatar" */ = {
			isa = XCConfigurationList;
			buildConfigurations = (
				1436679F2378B25F00D1E2B0 /* Debug */,
				143667A02378B25F00D1E2B0 /* Release */,
			);
			defaultConfigurationIsVisible = 0;
			defaultConfigurationName = Release;
		};
		143667A12378B25F00D1E2B0 /* Build configuration list for PBXNativeTarget "Avatar" */ = {
			isa = XCConfigurationList;
			buildConfigurations = (
				143667A22378B25F00D1E2B0 /* Debug */,
				143667A32378B25F00D1E2B0 /* Release */,
			);
			defaultConfigurationIsVisible = 0;
			defaultConfigurationName = Release;
		};
		143667A42378B25F00D1E2B0 /* Build configuration list for PBXNativeTarget "AvatarTests" */ = {
			isa = XCConfigurationList;
			buildConfigurations = (
				143667A52378B25F00D1E2B0 /* Debug */,
				143667A62378B25F00D1E2B0 /* Release */,
			);
			defaultConfigurationIsVisible = 0;
			defaultConfigurationName = Release;
		};
		143667A72378B25F00D1E2B0 /* Build configuration list for PBXNativeTarget "AvatarUITests" */ = {
			isa = XCConfigurationList;
			buildConfigurations = (
				143667A82378B25F00D1E2B0 /* Debug */,
				143667A92378B25F00D1E2B0 /* Release */,
			);
			defaultConfigurationIsVisible = 0;
			defaultConfigurationName = Release;
		};
/* End XCConfigurationList section */
	};
	rootObject = 1436676F2378B25D00D1E2B0 /* Project object */;
}
